// !$*UTF8*$!
{
	archiveVersion = 1;
	classes = {
	};
	objectVersion = 46;
	objects = {

/* Begin PBXBuildFile section */
		A58378C81DD9E1850065783E /* AppDelegate.swift in Sources */ = {isa = PBXBuildFile; fileRef = A58378C71DD9E1850065783E /* AppDelegate.swift */; };
		A58378CA1DD9E1850065783E /* ViewController.swift in Sources */ = {isa = PBXBuildFile; fileRef = A58378C91DD9E1850065783E /* ViewController.swift */; };
		A58378CD1DD9E1850065783E /* Main.storyboard in Resources */ = {isa = PBXBuildFile; fileRef = A58378CB1DD9E1850065783E /* Main.storyboard */; };
		A58378CF1DD9E1850065783E /* Assets.xcassets in Resources */ = {isa = PBXBuildFile; fileRef = A58378CE1DD9E1850065783E /* Assets.xcassets */; };
		A58378D21DD9E1850065783E /* LaunchScreen.storyboard in Resources */ = {isa = PBXBuildFile; fileRef = A58378D01DD9E1850065783E /* LaunchScreen.storyboard */; };
		A58378DD1DD9E1860065783E /* PitchPerfectTests.swift in Sources */ = {isa = PBXBuildFile; fileRef = A58378DC1DD9E1860065783E /* PitchPerfectTests.swift */; };
		A58378E81DD9E1860065783E /* PitchPerfectUITests.swift in Sources */ = {isa = PBXBuildFile; fileRef = A58378E71DD9E1860065783E /* PitchPerfectUITests.swift */; };
/* End PBXBuildFile section */

/* Begin PBXContainerItemProxy section */
		A58378D91DD9E1860065783E /* PBXContainerItemProxy */ = {
			isa = PBXContainerItemProxy;
			containerPortal = A58378BC1DD9E1840065783E /* Project object */;
			proxyType = 1;
			remoteGlobalIDString = A58378C31DD9E1850065783E;
			remoteInfo = PitchPerfect;
		};
		A58378E41DD9E1860065783E /* PBXContainerItemProxy */ = {
			isa = PBXContainerItemProxy;
			containerPortal = A58378BC1DD9E1840065783E /* Project object */;
			proxyType = 1;
			remoteGlobalIDString = A58378C31DD9E1850065783E;
			remoteInfo = PitchPerfect;
		};
/* End PBXContainerItemProxy section */

/* Begin PBXFileReference section */
		A58378C41DD9E1850065783E /* PitchPerfect.app */ = {isa = PBXFileReference; explicitFileType = wrapper.application; includeInIndex = 0; path = PitchPerfect.app; sourceTree = BUILT_PRODUCTS_DIR; };
		A58378C71DD9E1850065783E /* AppDelegate.swift */ = {isa = PBXFileReference; lastKnownFileType = sourcecode.swift; path = AppDelegate.swift; sourceTree = "<group>"; };
		A58378C91DD9E1850065783E /* ViewController.swift */ = {isa = PBXFileReference; lastKnownFileType = sourcecode.swift; path = ViewController.swift; sourceTree = "<group>"; };
		A58378CC1DD9E1850065783E /* Base */ = {isa = PBXFileReference; lastKnownFileType = file.storyboard; name = Base; path = Base.lproj/Main.storyboard; sourceTree = "<group>"; };
		A58378CE1DD9E1850065783E /* Assets.xcassets */ = {isa = PBXFileReference; lastKnownFileType = folder.assetcatalog; path = Assets.xcassets; sourceTree = "<group>"; };
		A58378D11DD9E1850065783E /* Base */ = {isa = PBXFileReference; lastKnownFileType = file.storyboard; name = Base; path = Base.lproj/LaunchScreen.storyboard; sourceTree = "<group>"; };
		A58378D31DD9E1850065783E /* Info.plist */ = {isa = PBXFileReference; lastKnownFileType = text.plist.xml; path = Info.plist; sourceTree = "<group>"; };
		A58378D81DD9E1860065783E /* PitchPerfectTests.xctest */ = {isa = PBXFileReference; explicitFileType = wrapper.cfbundle; includeInIndex = 0; path = PitchPerfectTests.xctest; sourceTree = BUILT_PRODUCTS_DIR; };
		A58378DC1DD9E1860065783E /* PitchPerfectTests.swift */ = {isa = PBXFileReference; lastKnownFileType = sourcecode.swift; path = PitchPerfectTests.swift; sourceTree = "<group>"; };
		A58378DE1DD9E1860065783E /* Info.plist */ = {isa = PBXFileReference; lastKnownFileType = text.plist.xml; path = Info.plist; sourceTree = "<group>"; };
		A58378E31DD9E1860065783E /* PitchPerfectUITests.xctest */ = {isa = PBXFileReference; explicitFileType = wrapper.cfbundle; includeInIndex = 0; path = PitchPerfectUITests.xctest; sourceTree = BUILT_PRODUCTS_DIR; };
		A58378E71DD9E1860065783E /* PitchPerfectUITests.swift */ = {isa = PBXFileReference; lastKnownFileType = sourcecode.swift; path = PitchPerfectUITests.swift; sourceTree = "<group>"; };
		A58378E91DD9E1860065783E /* Info.plist */ = {isa = PBXFileReference; lastKnownFileType = text.plist.xml; path = Info.plist; sourceTree = "<group>"; };
/* End PBXFileReference section */

/* Begin PBXFrameworksBuildPhase section */
		A58378C11DD9E1850065783E /* Frameworks */ = {
			isa = PBXFrameworksBuildPhase;
			buildActionMask = 2147483647;
			files = (
			);
			runOnlyForDeploymentPostprocessing = 0;
		};
		A58378D51DD9E1860065783E /* Frameworks */ = {
			isa = PBXFrameworksBuildPhase;
			buildActionMask = 2147483647;
			files = (
			);
			runOnlyForDeploymentPostprocessing = 0;
		};
		A58378E01DD9E1860065783E /* Frameworks */ = {
			isa = PBXFrameworksBuildPhase;
			buildActionMask = 2147483647;
			files = (
			);
			runOnlyForDeploymentPostprocessing = 0;
		};
/* End PBXFrameworksBuildPhase section */

/* Begin PBXGroup section */
		A58378BB1DD9E1840065783E = {
			isa = PBXGroup;
			children = (
				A58378C61DD9E1850065783E /* PitchPerfect */,
				A58378DB1DD9E1860065783E /* PitchPerfectTests */,
				A58378E61DD9E1860065783E /* PitchPerfectUITests */,
				A58378C51DD9E1850065783E /* Products */,
			);
			sourceTree = "<group>";
		};
		A58378C51DD9E1850065783E /* Products */ = {
			isa = PBXGroup;
			children = (
				A58378C41DD9E1850065783E /* PitchPerfect.app */,
				A58378D81DD9E1860065783E /* PitchPerfectTests.xctest */,
				A58378E31DD9E1860065783E /* PitchPerfectUITests.xctest */,
			);
			name = Products;
			sourceTree = "<group>";
		};
		A58378C61DD9E1850065783E /* PitchPerfect */ = {
			isa = PBXGroup;
			children = (
				A58378C71DD9E1850065783E /* AppDelegate.swift */,
				A58378C91DD9E1850065783E /* ViewController.swift */,
				A58378CB1DD9E1850065783E /* Main.storyboard */,
				A58378CE1DD9E1850065783E /* Assets.xcassets */,
				A58378D01DD9E1850065783E /* LaunchScreen.storyboard */,
				A58378D31DD9E1850065783E /* Info.plist */,
			);
			path = PitchPerfect;
			sourceTree = "<group>";
		};
		A58378DB1DD9E1860065783E /* PitchPerfectTests */ = {
			isa = PBXGroup;
			children = (
				A58378DC1DD9E1860065783E /* PitchPerfectTests.swift */,
				A58378DE1DD9E1860065783E /* Info.plist */,
			);
			path = PitchPerfectTests;
			sourceTree = "<group>";
		};
		A58378E61DD9E1860065783E /* PitchPerfectUITests */ = {
			isa = PBXGroup;
			children = (
				A58378E71DD9E1860065783E /* PitchPerfectUITests.swift */,
				A58378E91DD9E1860065783E /* Info.plist */,
			);
			path = PitchPerfectUITests;
			sourceTree = "<group>";
		};
/* End PBXGroup section */

/* Begin PBXNativeTarget section */
		A58378C31DD9E1850065783E /* PitchPerfect */ = {
			isa = PBXNativeTarget;
			buildConfigurationList = A58378EC1DD9E1860065783E /* Build configuration list for PBXNativeTarget "PitchPerfect" */;
			buildPhases = (
				A58378C01DD9E1850065783E /* Sources */,
				A58378C11DD9E1850065783E /* Frameworks */,
				A58378C21DD9E1850065783E /* Resources */,
			);
			buildRules = (
			);
			dependencies = (
			);
			name = PitchPerfect;
			productName = PitchPerfect;
			productReference = A58378C41DD9E1850065783E /* PitchPerfect.app */;
			productType = "com.apple.product-type.application";
		};
		A58378D71DD9E1860065783E /* PitchPerfectTests */ = {
			isa = PBXNativeTarget;
			buildConfigurationList = A58378EF1DD9E1860065783E /* Build configuration list for PBXNativeTarget "PitchPerfectTests" */;
			buildPhases = (
				A58378D41DD9E1860065783E /* Sources */,
				A58378D51DD9E1860065783E /* Frameworks */,
				A58378D61DD9E1860065783E /* Resources */,
			);
			buildRules = (
			);
			dependencies = (
				A58378DA1DD9E1860065783E /* PBXTargetDependency */,
			);
			name = PitchPerfectTests;
			productName = PitchPerfectTests;
			productReference = A58378D81DD9E1860065783E /* PitchPerfectTests.xctest */;
			productType = "com.apple.product-type.bundle.unit-test";
		};
		A58378E21DD9E1860065783E /* PitchPerfectUITests */ = {
			isa = PBXNativeTarget;
			buildConfigurationList = A58378F21DD9E1860065783E /* Build configuration list for PBXNativeTarget "PitchPerfectUITests" */;
			buildPhases = (
				A58378DF1DD9E1860065783E /* Sources */,
				A58378E01DD9E1860065783E /* Frameworks */,
				A58378E11DD9E1860065783E /* Resources */,
			);
			buildRules = (
			);
			dependencies = (
				A58378E51DD9E1860065783E /* PBXTargetDependency */,
			);
			name = PitchPerfectUITests;
			productName = PitchPerfectUITests;
			productReference = A58378E31DD9E1860065783E /* PitchPerfectUITests.xctest */;
			productType = "com.apple.product-type.bundle.ui-testing";
		};
/* End PBXNativeTarget section */

/* Begin PBXProject section */
		A58378BC1DD9E1840065783E /* Project object */ = {
			isa = PBXProject;
			attributes = {
				LastSwiftUpdateCheck = 0810;
				LastUpgradeCheck = 0810;
				ORGANIZATIONNAME = otd;
				TargetAttributes = {
					A58378C31DD9E1850065783E = {
						CreatedOnToolsVersion = 8.1;
						ProvisioningStyle = Automatic;
					};
					A58378D71DD9E1860065783E = {
						CreatedOnToolsVersion = 8.1;
						ProvisioningStyle = Automatic;
						TestTargetID = A58378C31DD9E1850065783E;
					};
					A58378E21DD9E1860065783E = {
						CreatedOnToolsVersion = 8.1;
						ProvisioningStyle = Automatic;
						TestTargetID = A58378C31DD9E1850065783E;
					};
				};
			};
			buildConfigurationList = A58378BF1DD9E1840065783E /* Build configuration list for PBXProject "PitchPerfect" */;
			compatibilityVersion = "Xcode 3.2";
			developmentRegion = English;
			hasScannedForEncodings = 0;
			knownRegions = (
				en,
				Base,
			);
			mainGroup = A58378BB1DD9E1840065783E;
			productRefGroup = A58378C51DD9E1850065783E /* Products */;
			projectDirPath = "";
			projectRoot = "";
			targets = (
				A58378C31DD9E1850065783E /* PitchPerfect */,
				A58378D71DD9E1860065783E /* PitchPerfectTests */,
				A58378E21DD9E1860065783E /* PitchPerfectUITests */,
			);
		};
/* End PBXProject section */

/* Begin PBXResourcesBuildPhase section */
		A58378C21DD9E1850065783E /* Resources */ = {
			isa = PBXResourcesBuildPhase;
			buildActionMask = 2147483647;
			files = (
				A58378D21DD9E1850065783E /* LaunchScreen.storyboard in Resources */,
				A58378CF1DD9E1850065783E /* Assets.xcassets in Resources */,
				A58378CD1DD9E1850065783E /* Main.storyboard in Resources */,
			);
			runOnlyForDeploymentPostprocessing = 0;
		};
		A58378D61DD9E1860065783E /* Resources */ = {
			isa = PBXResourcesBuildPhase;
			buildActionMask = 2147483647;
			files = (
			);
			runOnlyForDeploymentPostprocessing = 0;
		};
		A58378E11DD9E1860065783E /* Resources */ = {
			isa = PBXResourcesBuildPhase;
			buildActionMask = 2147483647;
			files = (
			);
			runOnlyForDeploymentPostprocessing = 0;
		};
/* End PBXResourcesBuildPhase section */

/* Begin PBXSourcesBuildPhase section */
		A58378C01DD9E1850065783E /* Sources */ = {
			isa = PBXSourcesBuildPhase;
			buildActionMask = 2147483647;
			files = (
				A58378CA1DD9E1850065783E /* ViewController.swift in Sources */,
				A58378C81DD9E1850065783E /* AppDelegate.swift in Sources */,
			);
			runOnlyForDeploymentPostprocessing = 0;
		};
		A58378D41DD9E1860065783E /* Sources */ = {
			isa = PBXSourcesBuildPhase;
			buildActionMask = 2147483647;
			files = (
				A58378DD1DD9E1860065783E /* PitchPerfectTests.swift in Sources */,
			);
			runOnlyForDeploymentPostprocessing = 0;
		};
		A58378DF1DD9E1860065783E /* Sources */ = {
			isa = PBXSourcesBuildPhase;
			buildActionMask = 2147483647;
			files = (
				A58378E81DD9E1860065783E /* PitchPerfectUITests.swift in Sources */,
			);
			runOnlyForDeploymentPostprocessing = 0;
		};
/* End PBXSourcesBuildPhase section */

/* Begin PBXTargetDependency section */
		A58378DA1DD9E1860065783E /* PBXTargetDependency */ = {
			isa = PBXTargetDependency;
			target = A58378C31DD9E1850065783E /* PitchPerfect */;
			targetProxy = A58378D91DD9E1860065783E /* PBXContainerItemProxy */;
		};
		A58378E51DD9E1860065783E /* PBXTargetDependency */ = {
			isa = PBXTargetDependency;
			target = A58378C31DD9E1850065783E /* PitchPerfect */;
			targetProxy = A58378E41DD9E1860065783E /* PBXContainerItemProxy */;
		};
/* End PBXTargetDependency section */

/* Begin PBXVariantGroup section */
		A58378CB1DD9E1850065783E /* Main.storyboard */ = {
			isa = PBXVariantGroup;
			children = (
				A58378CC1DD9E1850065783E /* Base */,
			);
			name = Main.storyboard;
			sourceTree = "<group>";
		};
		A58378D01DD9E1850065783E /* LaunchScreen.storyboard */ = {
			isa = PBXVariantGroup;
			children = (
				A58378D11DD9E1850065783E /* Base */,
			);
			name = LaunchScreen.storyboard;
			sourceTree = "<group>";
		};
/* End PBXVariantGroup section */

/* Begin XCBuildConfiguration section */
		A58378EA1DD9E1860065783E /* Debug */ = {
			isa = XCBuildConfiguration;
			buildSettings = {
				ALWAYS_SEARCH_USER_PATHS = NO;
				CLANG_ANALYZER_NONNULL = YES;
				CLANG_CXX_LANGUAGE_STANDARD = "gnu++0x";
				CLANG_CXX_LIBRARY = "libc++";
				CLANG_ENABLE_MODULES = YES;
				CLANG_ENABLE_OBJC_ARC = YES;
				CLANG_WARN_BOOL_CONVERSION = YES;
				CLANG_WARN_CONSTANT_CONVERSION = YES;
				CLANG_WARN_DIRECT_OBJC_ISA_USAGE = YES_ERROR;
				CLANG_WARN_DOCUMENTATION_COMMENTS = YES;
				CLANG_WARN_EMPTY_BODY = YES;
				CLANG_WARN_ENUM_CONVERSION = YES;
				CLANG_WARN_INFINITE_RECURSION = YES;
				CLANG_WARN_INT_CONVERSION = YES;
				CLANG_WARN_OBJC_ROOT_CLASS = YES_ERROR;
				CLANG_WARN_SUSPICIOUS_MOVES = YES;
				CLANG_WARN_UNREACHABLE_CODE = YES;
				CLANG_WARN__DUPLICATE_METHOD_MATCH = YES;
				"CODE_SIGN_IDENTITY[sdk=iphoneos*]" = "iPhone Developer";
				COPY_PHASE_STRIP = NO;
				DEBUG_INFORMATION_FORMAT = dwarf;
				ENABLE_STRICT_OBJC_MSGSEND = YES;
				ENABLE_TESTABILITY = YES;
				GCC_C_LANGUAGE_STANDARD = gnu99;
				GCC_DYNAMIC_NO_PIC = NO;
				GCC_NO_COMMON_BLOCKS = YES;
				GCC_OPTIMIZATION_LEVEL = 0;
				GCC_PREPROCESSOR_DEFINITIONS = (
					"DEBUG=1",
					"$(inherited)",
				);
				GCC_WARN_64_TO_32_BIT_CONVERSION = YES;
				GCC_WARN_ABOUT_RETURN_TYPE = YES_ERROR;
				GCC_WARN_UNDECLARED_SELECTOR = YES;
				GCC_WARN_UNINITIALIZED_AUTOS = YES_AGGRESSIVE;
				GCC_WARN_UNUSED_FUNCTION = YES;
				GCC_WARN_UNUSED_VARIABLE = YES;
				IPHONEOS_DEPLOYMENT_TARGET = 10.1;
				MTL_ENABLE_DEBUG_INFO = YES;
				ONLY_ACTIVE_ARCH = YES;
				SDKROOT = iphoneos;
				SWIFT_ACTIVE_COMPILATION_CONDITIONS = DEBUG;
				SWIFT_OPTIMIZATION_LEVEL = "-Onone";
				TARGETED_DEVICE_FAMILY = "1,2";
			};
			name = Debug;
		};
		A58378EB1DD9E1860065783E /* Release */ = {
			isa = XCBuildConfiguration;
			buildSettings = {
				ALWAYS_SEARCH_USER_PATHS = NO;
				CLANG_ANALYZER_NONNULL = YES;
				CLANG_CXX_LANGUAGE_STANDARD = "gnu++0x";
				CLANG_CXX_LIBRARY = "libc++";
				CLANG_ENABLE_MODULES = YES;
				CLANG_ENABLE_OBJC_ARC = YES;
				CLANG_WARN_BOOL_CONVERSION = YES;
				CLANG_WARN_CONSTANT_CONVERSION = YES;
				CLANG_WARN_DIRECT_OBJC_ISA_USAGE = YES_ERROR;
				CLANG_WARN_DOCUMENTATION_COMMENTS = YES;
				CLANG_WARN_EMPTY_BODY = YES;
				CLANG_WARN_ENUM_CONVERSION = YES;
				CLANG_WARN_INFINITE_RECURSION = YES;
				CLANG_WARN_INT_CONVERSION = YES;
				CLANG_WARN_OBJC_ROOT_CLASS = YES_ERROR;
				CLANG_WARN_SUSPICIOUS_MOVES = YES;
				CLANG_WARN_UNREACHABLE_CODE = YES;
				CLANG_WARN__DUPLICATE_METHOD_MATCH = YES;
				"CODE_SIGN_IDENTITY[sdk=iphoneos*]" = "iPhone Developer";
				COPY_PHASE_STRIP = NO;
				DEBUG_INFORMATION_FORMAT = "dwarf-with-dsym";
				ENABLE_NS_ASSERTIONS = NO;
				ENABLE_STRICT_OBJC_MSGSEND = YES;
				GCC_C_LANGUAGE_STANDARD = gnu99;
				GCC_NO_COMMON_BLOCKS = YES;
				GCC_WARN_64_TO_32_BIT_CONVERSION = YES;
				GCC_WARN_ABOUT_RETURN_TYPE = YES_ERROR;
				GCC_WARN_UNDECLARED_SELECTOR = YES;
				GCC_WARN_UNINITIALIZED_AUTOS = YES_AGGRESSIVE;
				GCC_WARN_UNUSED_FUNCTION = YES;
				GCC_WARN_UNUSED_VARIABLE = YES;
				IPHONEOS_DEPLOYMENT_TARGET = 10.1;
				MTL_ENABLE_DEBUG_INFO = NO;
				SDKROOT = iphoneos;
				SWIFT_OPTIMIZATION_LEVEL = "-Owholemodule";
				TARGETED_DEVICE_FAMILY = "1,2";
				VALIDATE_PRODUCT = YES;
			};
			name = Release;
		};
		A58378ED1DD9E1860065783E /* Debug */ = {
			isa = XCBuildConfiguration;
			buildSettings = {
				ASSETCATALOG_COMPILER_APPICON_NAME = AppIcon;
				INFOPLIST_FILE = PitchPerfect/Info.plist;
				LD_RUNPATH_SEARCH_PATHS = "$(inherited) @executable_path/Frameworks";
				PRODUCT_BUNDLE_IDENTIFIER = com.otd.PitchPerfect;
				PRODUCT_NAME = "$(TARGET_NAME)";
				SWIFT_VERSION = 3.0;
			};
			name = Debug;
		};
		A58378EE1DD9E1860065783E /* Release */ = {
			isa = XCBuildConfiguration;
			buildSettings = {
				ASSETCATALOG_COMPILER_APPICON_NAME = AppIcon;
				INFOPLIST_FILE = PitchPerfect/Info.plist;
				LD_RUNPATH_SEARCH_PATHS = "$(inherited) @executable_path/Frameworks";
				PRODUCT_BUNDLE_IDENTIFIER = com.otd.PitchPerfect;
				PRODUCT_NAME = "$(TARGET_NAME)";
				SWIFT_VERSION = 3.0;
			};
			name = Release;
		};
		A58378F01DD9E1860065783E /* Debug */ = {
			isa = XCBuildConfiguration;
			buildSettings = {
				ALWAYS_EMBED_SWIFT_STANDARD_LIBRARIES = YES;
				BUNDLE_LOADER = "$(TEST_HOST)";
				INFOPLIST_FILE = PitchPerfectTests/Info.plist;
				LD_RUNPATH_SEARCH_PATHS = "$(inherited) @executable_path/Frameworks @loader_path/Frameworks";
				PRODUCT_BUNDLE_IDENTIFIER = com.otd.PitchPerfectTests;
				PRODUCT_NAME = "$(TARGET_NAME)";
				SWIFT_VERSION = 3.0;
				TEST_HOST = "$(BUILT_PRODUCTS_DIR)/PitchPerfect.app/PitchPerfect";
			};
			name = Debug;
		};
		A58378F11DD9E1860065783E /* Release */ = {
			isa = XCBuildConfiguration;
			buildSettings = {
				ALWAYS_EMBED_SWIFT_STANDARD_LIBRARIES = YES;
				BUNDLE_LOADER = "$(TEST_HOST)";
				INFOPLIST_FILE = PitchPerfectTests/Info.plist;
				LD_RUNPATH_SEARCH_PATHS = "$(inherited) @executable_path/Frameworks @loader_path/Frameworks";
				PRODUCT_BUNDLE_IDENTIFIER = com.otd.PitchPerfectTests;
				PRODUCT_NAME = "$(TARGET_NAME)";
				SWIFT_VERSION = 3.0;
				TEST_HOST = "$(BUILT_PRODUCTS_DIR)/PitchPerfect.app/PitchPerfect";
			};
			name = Release;
		};
		A58378F31DD9E1860065783E /* Debug */ = {
			isa = XCBuildConfiguration;
			buildSettings = {
				ALWAYS_EMBED_SWIFT_STANDARD_LIBRARIES = YES;
				INFOPLIST_FILE = PitchPerfectUITests/Info.plist;
				LD_RUNPATH_SEARCH_PATHS = "$(inherited) @executable_path/Frameworks @loader_path/Frameworks";
				PRODUCT_BUNDLE_IDENTIFIER = com.otd.PitchPerfectUITests;
				PRODUCT_NAME = "$(TARGET_NAME)";
				SWIFT_VERSION = 3.0;
				TEST_TARGET_NAME = PitchPerfect;
			};
			name = Debug;
		};
		A58378F41DD9E1860065783E /* Release */ = {
			isa = XCBuildConfiguration;
			buildSettings = {
				ALWAYS_EMBED_SWIFT_STANDARD_LIBRARIES = YES;
				INFOPLIST_FILE = PitchPerfectUITests/Info.plist;
				LD_RUNPATH_SEARCH_PATHS = "$(inherited) @executable_path/Frameworks @loader_path/Frameworks";
				PRODUCT_BUNDLE_IDENTIFIER = com.otd.PitchPerfectUITests;
				PRODUCT_NAME = "$(TARGET_NAME)";
				SWIFT_VERSION = 3.0;
				TEST_TARGET_NAME = PitchPerfect;
			};
			name = Release;
		};
/* End XCBuildConfiguration section */

/* Begin XCConfigurationList section */
		A58378BF1DD9E1840065783E /* Build configuration list for PBXProject "PitchPerfect" */ = {
			isa = XCConfigurationList;
			buildConfigurations = (
				A58378EA1DD9E1860065783E /* Debug */,
				A58378EB1DD9E1860065783E /* Release */,
			);
			defaultConfigurationIsVisible = 0;
			defaultConfigurationName = Release;
		};
		A58378EC1DD9E1860065783E /* Build configuration list for PBXNativeTarget "PitchPerfect" */ = {
			isa = XCConfigurationList;
			buildConfigurations = (
				A58378ED1DD9E1860065783E /* Debug */,
				A58378EE1DD9E1860065783E /* Release */,
			);
			defaultConfigurationIsVisible = 0;
		};
		A58378EF1DD9E1860065783E /* Build configuration list for PBXNativeTarget "PitchPerfectTests" */ = {
			isa = XCConfigurationList;
			buildConfigurations = (
				A58378F01DD9E1860065783E /* Debug */,
				A58378F11DD9E1860065783E /* Release */,
			);
			defaultConfigurationIsVisible = 0;
		};
		A58378F21DD9E1860065783E /* Build configuration list for PBXNativeTarget "PitchPerfectUITests" */ = {
			isa = XCConfigurationList;
			buildConfigurations = (
				A58378F31DD9E1860065783E /* Debug */,
				A58378F41DD9E1860065783E /* Release */,
			);
			defaultConfigurationIsVisible = 0;
		};
/* End XCConfigurationList section */
	};
	rootObject = A58378BC1DD9E1840065783E /* Project object */;
}
